
Microsoft Visual Studio Solution File, Format Version 12.00
# Visual Studio 14
VisualStudioVersion = 14.0.25420.1
MinimumVisualStudioVersion = 10.0.40219.1
Project("{FAE04EC0-301F-11D3-BF4B-00C04F79EFBC}") = "PadesInfoProcessor", "PadesInfoProcessor\PadesInfoProcessor.csproj", "{1ECD8DF4-E50A-4616-A09F-6A11D6B220B7}"
EndProject
Project("{930C7802-8A8C-48F9-8165-68863BCCD9DD}") = "PadesInfoProcessorSetup", "PadesInfoProcessorSetup\PadesInfoProcessorSetup.wixproj", "{68D8D382-24E3-4EB5-BA64-D5FCE1B2F1FF}"
EndProject
Project("{2150E333-8FDC-42A3-9474-1A3956D46DE8}") = "Solution Items", "Solution Items", "{8EB0B71F-2220-465F-8A51-1BA837F44BC7}"
	ProjectSection(SolutionItems) = preProject
		.gitattributes = .gitattributes
		.gitignore = .gitignore
		LICENSE = LICENSE
		README.md = README.md
	EndProjectSection
EndProject
Global
	GlobalSection(SolutionConfigurationPlatforms) = preSolution
		Debug|Any CPU = Debug|Any CPU
		Debug|x64 = Debug|x64
		Debug|x86 = Debug|x86
		Release|Any CPU = Release|Any CPU
		Release|x64 = Release|x64
		Release|x86 = Release|x86
	EndGlobalSection
	GlobalSection(ProjectConfigurationPlatforms) = postSolution
		{1ECD8DF4-E50A-4616-A09F-6A11D6B220B7}.Debug|Any CPU.ActiveCfg = Debug|Any CPU
		{1ECD8DF4-E50A-4616-A09F-6A11D6B220B7}.Debug|Any CPU.Build.0 = Debug|Any CPU
		{1ECD8DF4-E50A-4616-A09F-6A11D6B220B7}.Debug|x64.ActiveCfg = Debug|Any CPU
		{1ECD8DF4-E50A-4616-A09F-6A11D6B220B7}.Debug|x64.Build.0 = Debug|Any CPU
		{1ECD8DF4-E50A-4616-A09F-6A11D6B220B7}.Debug|x86.ActiveCfg = Debug|Any CPU
		{1ECD8DF4-E50A-4616-A09F-6A11D6B220B7}.Debug|x86.Build.0 = Debug|Any CPU
		{1ECD8DF4-E50A-4616-A09F-6A11D6B220B7}.Release|Any CPU.ActiveCfg = Release|Any CPU
		{1ECD8DF4-E50A-4616-A09F-6A11D6B220B7}.Release|Any CPU.Build.0 = Release|Any CPU
		{1ECD8DF4-E50A-4616-A09F-6A11D6B220B7}.Release|x64.ActiveCfg = Release|Any CPU
		{1ECD8DF4-E50A-4616-A09F-6A11D6B220B7}.Release|x64.Build.0 = Release|Any CPU
		{1ECD8DF4-E50A-4616-A09F-6A11D6B220B7}.Release|x86.ActiveCfg = Release|x86
		{1ECD8DF4-E50A-4616-A09F-6A11D6B220B7}.Release|x86.Build.0 = Release|x86
		{68D8D382-24E3-4EB5-BA64-D5FCE1B2F1FF}.Debug|Any CPU.ActiveCfg = Debug|x86
		{68D8D382-24E3-4EB5-BA64-D5FCE1B2F1FF}.Debug|x64.ActiveCfg = Debug|x86
		{68D8D382-24E3-4EB5-BA64-D5FCE1B2F1FF}.Debug|x86.ActiveCfg = Debug|x86
		{68D8D382-24E3-4EB5-BA64-D5FCE1B2F1FF}.Debug|x86.Build.0 = Debug|x86
		{68D8D382-24E3-4EB5-BA64-D5FCE1B2F1FF}.Release|Any CPU.ActiveCfg = Release|x86
		{68D8D382-24E3-4EB5-BA64-D5FCE1B2F1FF}.Release|Any CPU.Build.0 = Release|x86
		{68D8D382-24E3-4EB5-BA64-D5FCE1B2F1FF}.Release|x64.ActiveCfg = Release|x86
		{68D8D382-24E3-4EB5-BA64-D5FCE1B2F1FF}.Release|x86.ActiveCfg = Release|x86
		{68D8D382-24E3-4EB5-BA64-D5FCE1B2F1FF}.Release|x86.Build.0 = Release|x86
	EndGlobalSection
	GlobalSection(SolutionProperties) = preSolution
		HideSolutionNode = FALSE
	EndGlobalSection
EndGlobal
